
Microsoft Visual Studio Solution File, Format Version 12.00
# Visual Studio 15
VisualStudioVersion = 15.0.28307.421
MinimumVisualStudioVersion = 10.0.40219.1
Project("{9A19103F-16F7-4668-BE54-9A1E7A4F7556}") = "eStudioLjepote.WebAPI", "eStudioLjepote.WebAPI\eStudioLjepote.WebAPI.csproj", "{15C55117-C1A8-42A2-BA53-7B23297115A6}"
EndProject
Project("{9A19103F-16F7-4668-BE54-9A1E7A4F7556}") = "eStudioLjepote.Model", "eStudioLjepote.Model\eStudioLjepote.Model.csproj", "{E9C9D535-4793-4A8D-BDA9-1CBC0A8715BF}"
EndProject
Project("{2150E333-8FDC-42A3-9474-1A3956D46DE8}") = "UI", "UI", "{BBFDBD29-2F6E-4435-96D6-5B28D9892FEF}"
EndProject
Project("{FAE04EC0-301F-11D3-BF4B-00C04F79EFBC}") = "eStudio.WinUI", "eStudio.WinUI\eStudio.WinUI.csproj", "{4380CD6B-D151-400E-A2CB-E164DCD99C26}"
EndProject
Project("{2150E333-8FDC-42A3-9474-1A3956D46DE8}") = "eStudio.Mobile", "eStudio.Mobile", "{AC07C324-7A21-4ACB-A912-CA7A48E2C937}"
EndProject
Project("{FAE04EC0-301F-11D3-BF4B-00C04F79EFBC}") = "eStudioLjepote.Mobile.Android", "eStudioLjepote.Mobile\eStudioLjepote.Mobile.Android\eStudioLjepote.Mobile.Android.csproj", "{24CE3C36-16B9-426D-AA0C-5961ECF8D88C}"
EndProject
Project("{FAE04EC0-301F-11D3-BF4B-00C04F79EFBC}") = "eStudioLjepote.Mobile.iOS", "eStudioLjepote.Mobile\eStudioLjepote.Mobile.iOS\eStudioLjepote.Mobile.iOS.csproj", "{48DC8F0D-26CB-437B-821F-ABB0EE46968D}"
EndProject
Project("{FAE04EC0-301F-11D3-BF4B-00C04F79EFBC}") = "eStudioLjepote.Mobile.UWP", "eStudioLjepote.Mobile\eStudioLjepote.Mobile.UWP\eStudioLjepote.Mobile.UWP.csproj", "{EC4587FA-111E-412C-885B-9DDAFF64B8D8}"
EndProject
Project("{FAE04EC0-301F-11D3-BF4B-00C04F79EFBC}") = "eStudioLjepote.Mobile", "eStudioLjepote.Mobile\eStudioLjepote.Mobile\eStudioLjepote.Mobile.csproj", "{5305E6C7-4362-4F9D-93E7-6B9B90F54305}"
EndProject
Global
	GlobalSection(SolutionConfigurationPlatforms) = preSolution
		Debug|Any CPU = Debug|Any CPU
		Debug|ARM = Debug|ARM
		Debug|iPhone = Debug|iPhone
		Debug|iPhoneSimulator = Debug|iPhoneSimulator
		Debug|x64 = Debug|x64
		Debug|x86 = Debug|x86
		Release|Any CPU = Release|Any CPU
		Release|ARM = Release|ARM
		Release|iPhone = Release|iPhone
		Release|iPhoneSimulator = Release|iPhoneSimulator
		Release|x64 = Release|x64
		Release|x86 = Release|x86
	EndGlobalSection
	GlobalSection(ProjectConfigurationPlatforms) = postSolution
		{15C55117-C1A8-42A2-BA53-7B23297115A6}.Debug|Any CPU.ActiveCfg = Debug|Any CPU
		{15C55117-C1A8-42A2-BA53-7B23297115A6}.Debug|Any CPU.Build.0 = Debug|Any CPU
		{15C55117-C1A8-42A2-BA53-7B23297115A6}.Debug|ARM.ActiveCfg = Debug|Any CPU
		{15C55117-C1A8-42A2-BA53-7B23297115A6}.Debug|ARM.Build.0 = Debug|Any CPU
		{15C55117-C1A8-42A2-BA53-7B23297115A6}.Debug|iPhone.ActiveCfg = Debug|Any CPU
		{15C55117-C1A8-42A2-BA53-7B23297115A6}.Debug|iPhone.Build.0 = Debug|Any CPU
		{15C55117-C1A8-42A2-BA53-7B23297115A6}.Debug|iPhoneSimulator.ActiveCfg = Debug|Any CPU
		{15C55117-C1A8-42A2-BA53-7B23297115A6}.Debug|iPhoneSimulator.Build.0 = Debug|Any CPU
		{15C55117-C1A8-42A2-BA53-7B23297115A6}.Debug|x64.ActiveCfg = Debug|Any CPU
		{15C55117-C1A8-42A2-BA53-7B23297115A6}.Debug|x64.Build.0 = Debug|Any CPU
		{15C55117-C1A8-42A2-BA53-7B23297115A6}.Debug|x86.ActiveCfg = Debug|Any CPU
		{15C55117-C1A8-42A2-BA53-7B23297115A6}.Debug|x86.Build.0 = Debug|Any CPU
		{15C55117-C1A8-42A2-BA53-7B23297115A6}.Release|Any CPU.ActiveCfg = Release|Any CPU
		{15C55117-C1A8-42A2-BA53-7B23297115A6}.Release|Any CPU.Build.0 = Release|Any CPU
		{15C55117-C1A8-42A2-BA53-7B23297115A6}.Release|ARM.ActiveCfg = Release|Any CPU
		{15C55117-C1A8-42A2-BA53-7B23297115A6}.Release|ARM.Build.0 = Release|Any CPU
		{15C55117-C1A8-42A2-BA53-7B23297115A6}.Release|iPhone.ActiveCfg = Release|Any CPU
		{15C55117-C1A8-42A2-BA53-7B23297115A6}.Release|iPhone.Build.0 = Release|Any CPU
		{15C55117-C1A8-42A2-BA53-7B23297115A6}.Release|iPhoneSimulator.ActiveCfg = Release|Any CPU
		{15C55117-C1A8-42A2-BA53-7B23297115A6}.Release|iPhoneSimulator.Build.0 = Release|Any CPU
		{15C55117-C1A8-42A2-BA53-7B23297115A6}.Release|x64.ActiveCfg = Release|Any CPU
		{15C55117-C1A8-42A2-BA53-7B23297115A6}.Release|x64.Build.0 = Release|Any CPU
		{15C55117-C1A8-42A2-BA53-7B23297115A6}.Release|x86.ActiveCfg = Release|Any CPU
		{15C55117-C1A8-42A2-BA53-7B23297115A6}.Release|x86.Build.0 = Release|Any CPU
		{E9C9D535-4793-4A8D-BDA9-1CBC0A8715BF}.Debug|Any CPU.ActiveCfg = Debug|Any CPU
		{E9C9D535-4793-4A8D-BDA9-1CBC0A8715BF}.Debug|Any CPU.Build.0 = Debug|Any CPU
		{E9C9D535-4793-4A8D-BDA9-1CBC0A8715BF}.Debug|ARM.ActiveCfg = Debug|Any CPU
		{E9C9D535-4793-4A8D-BDA9-1CBC0A8715BF}.Debug|ARM.Build.0 = Debug|Any CPU
		{E9C9D535-4793-4A8D-BDA9-1CBC0A8715BF}.Debug|iPhone.ActiveCfg = Debug|Any CPU
		{E9C9D535-4793-4A8D-BDA9-1CBC0A8715BF}.Debug|iPhone.Build.0 = Debug|Any CPU
		{E9C9D535-4793-4A8D-BDA9-1CBC0A8715BF}.Debug|iPhoneSimulator.ActiveCfg = Debug|Any CPU
		{E9C9D535-4793-4A8D-BDA9-1CBC0A8715BF}.Debug|iPhoneSimulator.Build.0 = Debug|Any CPU
		{E9C9D535-4793-4A8D-BDA9-1CBC0A8715BF}.Debug|x64.ActiveCfg = Debug|Any CPU
		{E9C9D535-4793-4A8D-BDA9-1CBC0A8715BF}.Debug|x64.Build.0 = Debug|Any CPU
		{E9C9D535-4793-4A8D-BDA9-1CBC0A8715BF}.Debug|x86.ActiveCfg = Debug|Any CPU
		{E9C9D535-4793-4A8D-BDA9-1CBC0A8715BF}.Debug|x86.Build.0 = Debug|Any CPU
		{E9C9D535-4793-4A8D-BDA9-1CBC0A8715BF}.Release|Any CPU.ActiveCfg = Release|Any CPU
		{E9C9D535-4793-4A8D-BDA9-1CBC0A8715BF}.Release|Any CPU.Build.0 = Release|Any CPU
		{E9C9D535-4793-4A8D-BDA9-1CBC0A8715BF}.Release|ARM.ActiveCfg = Release|Any CPU
		{E9C9D535-4793-4A8D-BDA9-1CBC0A8715BF}.Release|ARM.Build.0 = Release|Any CPU
		{E9C9D535-4793-4A8D-BDA9-1CBC0A8715BF}.Release|iPhone.ActiveCfg = Release|Any CPU
		{E9C9D535-4793-4A8D-BDA9-1CBC0A8715BF}.Release|iPhone.Build.0 = Release|Any CPU
		{E9C9D535-4793-4A8D-BDA9-1CBC0A8715BF}.Release|iPhoneSimulator.ActiveCfg = Release|Any CPU
		{E9C9D535-4793-4A8D-BDA9-1CBC0A8715BF}.Release|iPhoneSimulator.Build.0 = Release|Any CPU
		{E9C9D535-4793-4A8D-BDA9-1CBC0A8715BF}.Release|x64.ActiveCfg = Release|Any CPU
		{E9C9D535-4793-4A8D-BDA9-1CBC0A8715BF}.Release|x64.Build.0 = Release|Any CPU
		{E9C9D535-4793-4A8D-BDA9-1CBC0A8715BF}.Release|x86.ActiveCfg = Release|Any CPU
		{E9C9D535-4793-4A8D-BDA9-1CBC0A8715BF}.Release|x86.Build.0 = Release|Any CPU
		{4380CD6B-D151-400E-A2CB-E164DCD99C26}.Debug|Any CPU.ActiveCfg = Debug|Any CPU
		{4380CD6B-D151-400E-A2CB-E164DCD99C26}.Debug|Any CPU.Build.0 = Debug|Any CPU
		{4380CD6B-D151-400E-A2CB-E164DCD99C26}.Debug|ARM.ActiveCfg = Debug|Any CPU
		{4380CD6B-D151-400E-A2CB-E164DCD99C26}.Debug|ARM.Build.0 = Debug|Any CPU
		{4380CD6B-D151-400E-A2CB-E164DCD99C26}.Debug|iPhone.ActiveCfg = Debug|Any CPU
		{4380CD6B-D151-400E-A2CB-E164DCD99C26}.Debug|iPhone.Build.0 = Debug|Any CPU
		{4380CD6B-D151-400E-A2CB-E164DCD99C26}.Debug|iPhoneSimulator.ActiveCfg = Debug|Any CPU
		{4380CD6B-D151-400E-A2CB-E164DCD99C26}.Debug|iPhoneSimulator.Build.0 = Debug|Any CPU
		{4380CD6B-D151-400E-A2CB-E164DCD99C26}.Debug|x64.ActiveCfg = Debug|Any CPU
		{4380CD6B-D151-400E-A2CB-E164DCD99C26}.Debug|x64.Build.0 = Debug|Any CPU
		{4380CD6B-D151-400E-A2CB-E164DCD99C26}.Debug|x86.ActiveCfg = Debug|Any CPU
		{4380CD6B-D151-400E-A2CB-E164DCD99C26}.Debug|x86.Build.0 = Debug|Any CPU
		{4380CD6B-D151-400E-A2CB-E164DCD99C26}.Release|Any CPU.ActiveCfg = Release|Any CPU
		{4380CD6B-D151-400E-A2CB-E164DCD99C26}.Release|Any CPU.Build.0 = Release|Any CPU
		{4380CD6B-D151-400E-A2CB-E164DCD99C26}.Release|ARM.ActiveCfg = Release|Any CPU
		{4380CD6B-D151-400E-A2CB-E164DCD99C26}.Release|ARM.Build.0 = Release|Any CPU
		{4380CD6B-D151-400E-A2CB-E164DCD99C26}.Release|iPhone.ActiveCfg = Release|Any CPU
		{4380CD6B-D151-400E-A2CB-E164DCD99C26}.Release|iPhone.Build.0 = Release|Any CPU
		{4380CD6B-D151-400E-A2CB-E164DCD99C26}.Release|iPhoneSimulator.ActiveCfg = Release|Any CPU
		{4380CD6B-D151-400E-A2CB-E164DCD99C26}.Release|iPhoneSimulator.Build.0 = Release|Any CPU
		{4380CD6B-D151-400E-A2CB-E164DCD99C26}.Release|x64.ActiveCfg = Release|Any CPU
		{4380CD6B-D151-400E-A2CB-E164DCD99C26}.Release|x64.Build.0 = Release|Any CPU
		{4380CD6B-D151-400E-A2CB-E164DCD99C26}.Release|x86.ActiveCfg = Release|Any CPU
		{4380CD6B-D151-400E-A2CB-E164DCD99C26}.Release|x86.Build.0 = Release|Any CPU
		{24CE3C36-16B9-426D-AA0C-5961ECF8D88C}.Debug|Any CPU.ActiveCfg = Debug|Any CPU
		{24CE3C36-16B9-426D-AA0C-5961ECF8D88C}.Debug|Any CPU.Build.0 = Debug|Any CPU
		{24CE3C36-16B9-426D-AA0C-5961ECF8D88C}.Debug|Any CPU.Deploy.0 = Debug|Any CPU
		{24CE3C36-16B9-426D-AA0C-5961ECF8D88C}.Debug|ARM.ActiveCfg = Debug|Any CPU
		{24CE3C36-16B9-426D-AA0C-5961ECF8D88C}.Debug|ARM.Build.0 = Debug|Any CPU
		{24CE3C36-16B9-426D-AA0C-5961ECF8D88C}.Debug|ARM.Deploy.0 = Debug|Any CPU
		{24CE3C36-16B9-426D-AA0C-5961ECF8D88C}.Debug|iPhone.ActiveCfg = Debug|Any CPU
		{24CE3C36-16B9-426D-AA0C-5961ECF8D88C}.Debug|iPhone.Build.0 = Debug|Any CPU
		{24CE3C36-16B9-426D-AA0C-5961ECF8D88C}.Debug|iPhone.Deploy.0 = Debug|Any CPU
		{24CE3C36-16B9-426D-AA0C-5961ECF8D88C}.Debug|iPhoneSimulator.ActiveCfg = Debug|Any CPU
		{24CE3C36-16B9-426D-AA0C-5961ECF8D88C}.Debug|iPhoneSimulator.Build.0 = Debug|Any CPU
		{24CE3C36-16B9-426D-AA0C-5961ECF8D88C}.Debug|iPhoneSimulator.Deploy.0 = Debug|Any CPU
		{24CE3C36-16B9-426D-AA0C-5961ECF8D88C}.Debug|x64.ActiveCfg = Debug|Any CPU
		{24CE3C36-16B9-426D-AA0C-5961ECF8D88C}.Debug|x64.Build.0 = Debug|Any CPU
		{24CE3C36-16B9-426D-AA0C-5961ECF8D88C}.Debug|x64.Deploy.0 = Debug|Any CPU
		{24CE3C36-16B9-426D-AA0C-5961ECF8D88C}.Debug|x86.ActiveCfg = Debug|Any CPU
		{24CE3C36-16B9-426D-AA0C-5961ECF8D88C}.Debug|x86.Build.0 = Debug|Any CPU
		{24CE3C36-16B9-426D-AA0C-5961ECF8D88C}.Debug|x86.Deploy.0 = Debug|Any CPU
		{24CE3C36-16B9-426D-AA0C-5961ECF8D88C}.Release|Any CPU.ActiveCfg = Release|Any CPU
		{24CE3C36-16B9-426D-AA0C-5961ECF8D88C}.Release|Any CPU.Build.0 = Release|Any CPU
		{24CE3C36-16B9-426D-AA0C-5961ECF8D88C}.Release|Any CPU.Deploy.0 = Release|Any CPU
		{24CE3C36-16B9-426D-AA0C-5961ECF8D88C}.Release|ARM.ActiveCfg = Release|Any CPU
		{24CE3C36-16B9-426D-AA0C-5961ECF8D88C}.Release|ARM.Build.0 = Release|Any CPU
		{24CE3C36-16B9-426D-AA0C-5961ECF8D88C}.Release|ARM.Deploy.0 = Release|Any CPU
		{24CE3C36-16B9-426D-AA0C-5961ECF8D88C}.Release|iPhone.ActiveCfg = Release|Any CPU
		{24CE3C36-16B9-426D-AA0C-5961ECF8D88C}.Release|iPhone.Build.0 = Release|Any CPU
		{24CE3C36-16B9-426D-AA0C-5961ECF8D88C}.Release|iPhone.Deploy.0 = Release|Any CPU
		{24CE3C36-16B9-426D-AA0C-5961ECF8D88C}.Release|iPhoneSimulator.ActiveCfg = Release|Any CPU
		{24CE3C36-16B9-426D-AA0C-5961ECF8D88C}.Release|iPhoneSimulator.Build.0 = Release|Any CPU
		{24CE3C36-16B9-426D-AA0C-5961ECF8D88C}.Release|iPhoneSimulator.Deploy.0 = Release|Any CPU
		{24CE3C36-16B9-426D-AA0C-5961ECF8D88C}.Release|x64.ActiveCfg = Release|Any CPU
		{24CE3C36-16B9-426D-AA0C-5961ECF8D88C}.Release|x64.Build.0 = Release|Any CPU
		{24CE3C36-16B9-426D-AA0C-5961ECF8D88C}.Release|x64.Deploy.0 = Release|Any CPU
		{24CE3C36-16B9-426D-AA0C-5961ECF8D88C}.Release|x86.ActiveCfg = Release|Any CPU
		{24CE3C36-16B9-426D-AA0C-5961ECF8D88C}.Release|x86.Build.0 = Release|Any CPU
		{24CE3C36-16B9-426D-AA0C-5961ECF8D88C}.Release|x86.Deploy.0 = Release|Any CPU
		{48DC8F0D-26CB-437B-821F-ABB0EE46968D}.Debug|Any CPU.ActiveCfg = Debug|iPhone
		{48DC8F0D-26CB-437B-821F-ABB0EE46968D}.Debug|ARM.ActiveCfg = Debug|iPhone
		{48DC8F0D-26CB-437B-821F-ABB0EE46968D}.Debug|iPhone.ActiveCfg = Debug|iPhone
		{48DC8F0D-26CB-437B-821F-ABB0EE46968D}.Debug|iPhone.Build.0 = Debug|iPhone
		{48DC8F0D-26CB-437B-821F-ABB0EE46968D}.Debug|iPhoneSimulator.ActiveCfg = Debug|iPhoneSimulator
		{48DC8F0D-26CB-437B-821F-ABB0EE46968D}.Debug|iPhoneSimulator.Build.0 = Debug|iPhoneSimulator
		{48DC8F0D-26CB-437B-821F-ABB0EE46968D}.Debug|x64.ActiveCfg = Debug|iPhone
		{48DC8F0D-26CB-437B-821F-ABB0EE46968D}.Debug|x86.ActiveCfg = Debug|iPhone
		{48DC8F0D-26CB-437B-821F-ABB0EE46968D}.Release|Any CPU.ActiveCfg = Release|iPhone
		{48DC8F0D-26CB-437B-821F-ABB0EE46968D}.Release|ARM.ActiveCfg = Release|iPhone
		{48DC8F0D-26CB-437B-821F-ABB0EE46968D}.Release|iPhone.ActiveCfg = Release|iPhone
		{48DC8F0D-26CB-437B-821F-ABB0EE46968D}.Release|iPhone.Build.0 = Release|iPhone
		{48DC8F0D-26CB-437B-821F-ABB0EE46968D}.Release|iPhoneSimulator.ActiveCfg = Release|iPhoneSimulator
		{48DC8F0D-26CB-437B-821F-ABB0EE46968D}.Release|iPhoneSimulator.Build.0 = Release|iPhoneSimulator
		{48DC8F0D-26CB-437B-821F-ABB0EE46968D}.Release|x64.ActiveCfg = Release|iPhone
		{48DC8F0D-26CB-437B-821F-ABB0EE46968D}.Release|x86.ActiveCfg = Release|iPhone
		{EC4587FA-111E-412C-885B-9DDAFF64B8D8}.Debug|Any CPU.ActiveCfg = Debug|x86
		{EC4587FA-111E-412C-885B-9DDAFF64B8D8}.Debug|ARM.ActiveCfg = Debug|ARM
		{EC4587FA-111E-412C-885B-9DDAFF64B8D8}.Debug|ARM.Build.0 = Debug|ARM
		{EC4587FA-111E-412C-885B-9DDAFF64B8D8}.Debug|ARM.Deploy.0 = Debug|ARM
		{EC4587FA-111E-412C-885B-9DDAFF64B8D8}.Debug|iPhone.ActiveCfg = Debug|x86
		{EC4587FA-111E-412C-885B-9DDAFF64B8D8}.Debug|iPhoneSimulator.ActiveCfg = Debug|x86
		{EC4587FA-111E-412C-885B-9DDAFF64B8D8}.Debug|x64.ActiveCfg = Debug|x64
		{EC4587FA-111E-412C-885B-9DDAFF64B8D8}.Debug|x64.Build.0 = Debug|x64
		{EC4587FA-111E-412C-885B-9DDAFF64B8D8}.Debug|x64.Deploy.0 = Debug|x64
		{EC4587FA-111E-412C-885B-9DDAFF64B8D8}.Debug|x86.ActiveCfg = Debug|x86
		{EC4587FA-111E-412C-885B-9DDAFF64B8D8}.Debug|x86.Build.0 = Debug|x86
		{EC4587FA-111E-412C-885B-9DDAFF64B8D8}.Debug|x86.Deploy.0 = Debug|x86
		{EC4587FA-111E-412C-885B-9DDAFF64B8D8}.Release|Any CPU.ActiveCfg = Release|x86
		{EC4587FA-111E-412C-885B-9DDAFF64B8D8}.Release|ARM.ActiveCfg = Release|ARM
		{EC4587FA-111E-412C-885B-9DDAFF64B8D8}.Release|ARM.Build.0 = Release|ARM
		{EC4587FA-111E-412C-885B-9DDAFF64B8D8}.Release|ARM.Deploy.0 = Release|ARM
		{EC4587FA-111E-412C-885B-9DDAFF64B8D8}.Release|iPhone.ActiveCfg = Release|x86
		{EC4587FA-111E-412C-885B-9DDAFF64B8D8}.Release|iPhoneSimulator.ActiveCfg = Release|x86
		{EC4587FA-111E-412C-885B-9DDAFF64B8D8}.Release|x64.ActiveCfg = Release|x64
		{EC4587FA-111E-412C-885B-9DDAFF64B8D8}.Release|x64.Build.0 = Release|x64
		{EC4587FA-111E-412C-885B-9DDAFF64B8D8}.Release|x64.Deploy.0 = Release|x64
		{EC4587FA-111E-412C-885B-9DDAFF64B8D8}.Release|x86.ActiveCfg = Release|x86
		{EC4587FA-111E-412C-885B-9DDAFF64B8D8}.Release|x86.Build.0 = Release|x86
		{EC4587FA-111E-412C-885B-9DDAFF64B8D8}.Release|x86.Deploy.0 = Release|x86
		{5305E6C7-4362-4F9D-93E7-6B9B90F54305}.Debug|Any CPU.ActiveCfg = Debug|Any CPU
		{5305E6C7-4362-4F9D-93E7-6B9B90F54305}.Debug|Any CPU.Build.0 = Debug|Any CPU
		{5305E6C7-4362-4F9D-93E7-6B9B90F54305}.Debug|ARM.ActiveCfg = Debug|Any CPU
		{5305E6C7-4362-4F9D-93E7-6B9B90F54305}.Debug|ARM.Build.0 = Debug|Any CPU
		{5305E6C7-4362-4F9D-93E7-6B9B90F54305}.Debug|iPhone.ActiveCfg = Debug|Any CPU
		{5305E6C7-4362-4F9D-93E7-6B9B90F54305}.Debug|iPhone.Build.0 = Debug|Any CPU
		{5305E6C7-4362-4F9D-93E7-6B9B90F54305}.Debug|iPhoneSimulator.ActiveCfg = Debug|Any CPU
		{5305E6C7-4362-4F9D-93E7-6B9B90F54305}.Debug|iPhoneSimulator.Build.0 = Debug|Any CPU
		{5305E6C7-4362-4F9D-93E7-6B9B90F54305}.Debug|x64.ActiveCfg = Debug|Any CPU
		{5305E6C7-4362-4F9D-93E7-6B9B90F54305}.Debug|x64.Build.0 = Debug|Any CPU
		{5305E6C7-4362-4F9D-93E7-6B9B90F54305}.Debug|x86.ActiveCfg = Debug|Any CPU
		{5305E6C7-4362-4F9D-93E7-6B9B90F54305}.Debug|x86.Build.0 = Debug|Any CPU
		{5305E6C7-4362-4F9D-93E7-6B9B90F54305}.Release|Any CPU.ActiveCfg = Release|Any CPU
		{5305E6C7-4362-4F9D-93E7-6B9B90F54305}.Release|Any CPU.Build.0 = Release|Any CPU
		{5305E6C7-4362-4F9D-93E7-6B9B90F54305}.Release|ARM.ActiveCfg = Release|Any CPU
		{5305E6C7-4362-4F9D-93E7-6B9B90F54305}.Release|ARM.Build.0 = Release|Any CPU
		{5305E6C7-4362-4F9D-93E7-6B9B90F54305}.Release|iPhone.ActiveCfg = Release|Any CPU
		{5305E6C7-4362-4F9D-93E7-6B9B90F54305}.Release|iPhone.Build.0 = Release|Any CPU
		{5305E6C7-4362-4F9D-93E7-6B9B90F54305}.Release|iPhoneSimulator.ActiveCfg = Release|Any CPU
		{5305E6C7-4362-4F9D-93E7-6B9B90F54305}.Release|iPhoneSimulator.Build.0 = Release|Any CPU
		{5305E6C7-4362-4F9D-93E7-6B9B90F54305}.Release|x64.ActiveCfg = Release|Any CPU
		{5305E6C7-4362-4F9D-93E7-6B9B90F54305}.Release|x64.Build.0 = Release|Any CPU
		{5305E6C7-4362-4F9D-93E7-6B9B90F54305}.Release|x86.ActiveCfg = Release|Any CPU
		{5305E6C7-4362-4F9D-93E7-6B9B90F54305}.Release|x86.Build.0 = Release|Any CPU
	EndGlobalSection
	GlobalSection(SolutionProperties) = preSolution
		HideSolutionNode = FALSE
	EndGlobalSection
	GlobalSection(NestedProjects) = preSolution
		{4380CD6B-D151-400E-A2CB-E164DCD99C26} = {BBFDBD29-2F6E-4435-96D6-5B28D9892FEF}
		{24CE3C36-16B9-426D-AA0C-5961ECF8D88C} = {AC07C324-7A21-4ACB-A912-CA7A48E2C937}
		{48DC8F0D-26CB-437B-821F-ABB0EE46968D} = {AC07C324-7A21-4ACB-A912-CA7A48E2C937}
		{EC4587FA-111E-412C-885B-9DDAFF64B8D8} = {AC07C324-7A21-4ACB-A912-CA7A48E2C937}
		{5305E6C7-4362-4F9D-93E7-6B9B90F54305} = {AC07C324-7A21-4ACB-A912-CA7A48E2C937}
	EndGlobalSection
	GlobalSection(ExtensibilityGlobals) = postSolution
		SolutionGuid = {1D0BB68B-8438-47BB-8581-52CAB18EA7B2}
	EndGlobalSection
EndGlobal
